
Microsoft Visual Studio Solution File, Format Version 12.00
# Visual Studio Version 17
VisualStudioVersion = 17.0.31919.166
MinimumVisualStudioVersion = 10.0.40219.1
Project("{FAE04EC0-301F-11D3-BF4B-00C04F79EFBC}") = "AppAumentoSalario", "AppAumentoSalario\AppAumentoSalario.csproj", "{79E110A7-5981-4484-9381-5C77ED6E3133}"
EndProject
Global
	GlobalSection(SolutionConfigurationPlatforms) = preSolution
		Debug|Any CPU = Debug|Any CPU
		Release|Any CPU = Release|Any CPU
	EndGlobalSection
	GlobalSection(ProjectConfigurationPlatforms) = postSolution
		{79E110A7-5981-4484-9381-5C77ED6E3133}.Debug|Any CPU.ActiveCfg = Debug|Any CPU
		{79E110A7-5981-4484-9381-5C77ED6E3133}.Debug|Any CPU.Build.0 = Debug|Any CPU
		{79E110A7-5981-4484-9381-5C77ED6E3133}.Release|Any CPU.ActiveCfg = Release|Any CPU
		{79E110A7-5981-4484-9381-5C77ED6E3133}.Release|Any CPU.Build.0 = Release|Any CPU
	EndGlobalSection
	GlobalSection(SolutionProperties) = preSolution
		HideSolutionNode = FALSE
	EndGlobalSection
	GlobalSection(ExtensibilityGlobals) = postSolution
		SolutionGuid = {1198583A-7EE2-42BC-99C2-9183BD16422F}
	EndGlobalSection
EndGlobal
