
Microsoft Visual Studio Solution File, Format Version 12.00
# Visual Studio Version 17
VisualStudioVersion = 17.2.32630.192
MinimumVisualStudioVersion = 10.0.40219.1
Project("{FAE04EC0-301F-11D3-BF4B-00C04F79EFBC}") = "AppHotel", "AppHotel\AppHotel.csproj", "{93CAD7B8-DD19-4A53-AE62-2A1E33B89BB6}"
EndProject
Global
	GlobalSection(SolutionConfigurationPlatforms) = preSolution
		Debug|Any CPU = Debug|Any CPU
		Release|Any CPU = Release|Any CPU
	EndGlobalSection
	GlobalSection(ProjectConfigurationPlatforms) = postSolution
		{93CAD7B8-DD19-4A53-AE62-2A1E33B89BB6}.Debug|Any CPU.ActiveCfg = Debug|Any CPU
		{93CAD7B8-DD19-4A53-AE62-2A1E33B89BB6}.Debug|Any CPU.Build.0 = Debug|Any CPU
		{93CAD7B8-DD19-4A53-AE62-2A1E33B89BB6}.Release|Any CPU.ActiveCfg = Release|Any CPU
		{93CAD7B8-DD19-4A53-AE62-2A1E33B89BB6}.Release|Any CPU.Build.0 = Release|Any CPU
	EndGlobalSection
	GlobalSection(SolutionProperties) = preSolution
		HideSolutionNode = FALSE
	EndGlobalSection
	GlobalSection(ExtensibilityGlobals) = postSolution
		SolutionGuid = {332B133C-9601-4166-8B60-A6B1D39BA3CD}
	EndGlobalSection
EndGlobal
