
Microsoft Visual Studio Solution File, Format Version 12.00
# Visual Studio Version 17
VisualStudioVersion = 17.0.31919.166
MinimumVisualStudioVersion = 10.0.40219.1
Project("{FAE04EC0-301F-11D3-BF4B-00C04F79EFBC}") = "ConsoleAppExemploEstatico", "ConsoleAppExemploEstatico.csproj", "{BF73F009-6D16-41F0-BB0B-335161CA9A49}"
EndProject
Global
	GlobalSection(SolutionConfigurationPlatforms) = preSolution
		Debug|Any CPU = Debug|Any CPU
		Release|Any CPU = Release|Any CPU
	EndGlobalSection
	GlobalSection(ProjectConfigurationPlatforms) = postSolution
		{BF73F009-6D16-41F0-BB0B-335161CA9A49}.Debug|Any CPU.ActiveCfg = Debug|Any CPU
		{BF73F009-6D16-41F0-BB0B-335161CA9A49}.Debug|Any CPU.Build.0 = Debug|Any CPU
		{BF73F009-6D16-41F0-BB0B-335161CA9A49}.Release|Any CPU.ActiveCfg = Release|Any CPU
		{BF73F009-6D16-41F0-BB0B-335161CA9A49}.Release|Any CPU.Build.0 = Release|Any CPU
	EndGlobalSection
	GlobalSection(SolutionProperties) = preSolution
		HideSolutionNode = FALSE
	EndGlobalSection
	GlobalSection(ExtensibilityGlobals) = postSolution
		SolutionGuid = {855DEEE8-135D-44BD-A689-9B9579F436E5}
	EndGlobalSection
EndGlobal
