
Microsoft Visual Studio Solution File, Format Version 12.00
# Visual Studio Version 17
VisualStudioVersion = 17.0.31919.166
MinimumVisualStudioVersion = 10.0.40219.1
Project("{FAE04EC0-301F-11D3-BF4B-00C04F79EFBC}") = "SysPythonParaEstacionamentoJava", "SysPythonParaEstacionamentoJava\SysPythonParaEstacionamentoJava.csproj", "{6BDF7453-3A39-4CC0-B742-FBD6993DFD0A}"
EndProject
Global
	GlobalSection(SolutionConfigurationPlatforms) = preSolution
		Debug|Any CPU = Debug|Any CPU
		Release|Any CPU = Release|Any CPU
	EndGlobalSection
	GlobalSection(ProjectConfigurationPlatforms) = postSolution
		{6BDF7453-3A39-4CC0-B742-FBD6993DFD0A}.Debug|Any CPU.ActiveCfg = Debug|Any CPU
		{6BDF7453-3A39-4CC0-B742-FBD6993DFD0A}.Debug|Any CPU.Build.0 = Debug|Any CPU
		{6BDF7453-3A39-4CC0-B742-FBD6993DFD0A}.Release|Any CPU.ActiveCfg = Release|Any CPU
		{6BDF7453-3A39-4CC0-B742-FBD6993DFD0A}.Release|Any CPU.Build.0 = Release|Any CPU
	EndGlobalSection
	GlobalSection(SolutionProperties) = preSolution
		HideSolutionNode = FALSE
	EndGlobalSection
	GlobalSection(ExtensibilityGlobals) = postSolution
		SolutionGuid = {F35DC699-E836-481C-9315-82D80C33B0D8}
	EndGlobalSection
EndGlobal
