
Microsoft Visual Studio Solution File, Format Version 12.00
# Visual Studio Version 17
VisualStudioVersion = 17.0.31919.166
MinimumVisualStudioVersion = 10.0.40219.1
Project("{FAE04EC0-301F-11D3-BF4B-00C04F79EFBC}") = "AppRegistroDePessoas", "AppRegistroDePessoas.csproj", "{0BB47553-633A-4437-A884-1DAFC2022C14}"
EndProject
Global
	GlobalSection(SolutionConfigurationPlatforms) = preSolution
		Debug|Any CPU = Debug|Any CPU
		Release|Any CPU = Release|Any CPU
	EndGlobalSection
	GlobalSection(ProjectConfigurationPlatforms) = postSolution
		{0BB47553-633A-4437-A884-1DAFC2022C14}.Debug|Any CPU.ActiveCfg = Debug|Any CPU
		{0BB47553-633A-4437-A884-1DAFC2022C14}.Debug|Any CPU.Build.0 = Debug|Any CPU
		{0BB47553-633A-4437-A884-1DAFC2022C14}.Release|Any CPU.ActiveCfg = Release|Any CPU
		{0BB47553-633A-4437-A884-1DAFC2022C14}.Release|Any CPU.Build.0 = Release|Any CPU
	EndGlobalSection
	GlobalSection(SolutionProperties) = preSolution
		HideSolutionNode = FALSE
	EndGlobalSection
	GlobalSection(ExtensibilityGlobals) = postSolution
		SolutionGuid = {FBD4572C-6855-41B8-A9AF-89649767035E}
	EndGlobalSection
EndGlobal
