
Microsoft Visual Studio Solution File, Format Version 12.00
# Visual Studio Version 17
VisualStudioVersion = 17.0.31919.166
MinimumVisualStudioVersion = 10.0.40219.1
Project("{FAE04EC0-301F-11D3-BF4B-00C04F79EFBC}") = "AppExemploDesc", "AppExemploDesc\AppExemploDesc.csproj", "{12FD5588-F650-4449-A9D4-637EE6E09017}"
EndProject
Global
	GlobalSection(SolutionConfigurationPlatforms) = preSolution
		Debug|Any CPU = Debug|Any CPU
		Release|Any CPU = Release|Any CPU
	EndGlobalSection
	GlobalSection(ProjectConfigurationPlatforms) = postSolution
		{12FD5588-F650-4449-A9D4-637EE6E09017}.Debug|Any CPU.ActiveCfg = Debug|Any CPU
		{12FD5588-F650-4449-A9D4-637EE6E09017}.Debug|Any CPU.Build.0 = Debug|Any CPU
		{12FD5588-F650-4449-A9D4-637EE6E09017}.Release|Any CPU.ActiveCfg = Release|Any CPU
		{12FD5588-F650-4449-A9D4-637EE6E09017}.Release|Any CPU.Build.0 = Release|Any CPU
	EndGlobalSection
	GlobalSection(SolutionProperties) = preSolution
		HideSolutionNode = FALSE
	EndGlobalSection
	GlobalSection(ExtensibilityGlobals) = postSolution
		SolutionGuid = {112105D2-6B7B-4D01-871C-9B441D08BF23}
	EndGlobalSection
EndGlobal
