
Microsoft Visual Studio Solution File, Format Version 12.00
# Visual Studio Version 17
VisualStudioVersion = 17.1.32210.238
MinimumVisualStudioVersion = 10.0.40219.1
Project("{FAE04EC0-301F-11D3-BF4B-00C04F79EFBC}") = "AppExemploGetSet", "AppExemploGetSet.csproj", "{738B3B7F-3D06-473E-B027-F46F19084DCF}"
EndProject
Global
	GlobalSection(SolutionConfigurationPlatforms) = preSolution
		Debug|Any CPU = Debug|Any CPU
		Release|Any CPU = Release|Any CPU
	EndGlobalSection
	GlobalSection(ProjectConfigurationPlatforms) = postSolution
		{738B3B7F-3D06-473E-B027-F46F19084DCF}.Debug|Any CPU.ActiveCfg = Debug|Any CPU
		{738B3B7F-3D06-473E-B027-F46F19084DCF}.Debug|Any CPU.Build.0 = Debug|Any CPU
		{738B3B7F-3D06-473E-B027-F46F19084DCF}.Release|Any CPU.ActiveCfg = Release|Any CPU
		{738B3B7F-3D06-473E-B027-F46F19084DCF}.Release|Any CPU.Build.0 = Release|Any CPU
	EndGlobalSection
	GlobalSection(SolutionProperties) = preSolution
		HideSolutionNode = FALSE
	EndGlobalSection
	GlobalSection(ExtensibilityGlobals) = postSolution
		SolutionGuid = {FBE21446-AEBC-48E2-9DD8-B7736BA62208}
	EndGlobalSection
EndGlobal
