
Microsoft Visual Studio Solution File, Format Version 12.00
# Visual Studio Version 17
VisualStudioVersion = 17.0.31919.166
MinimumVisualStudioVersion = 10.0.40219.1
Project("{FAE04EC0-301F-11D3-BF4B-00C04F79EFBC}") = "AppRegistroVeiculo", "AppRegistroVeiculo\AppRegistroVeiculo.csproj", "{E5742F01-E033-405F-8E6F-528A9162D21C}"
EndProject
Global
	GlobalSection(SolutionConfigurationPlatforms) = preSolution
		Debug|Any CPU = Debug|Any CPU
		Release|Any CPU = Release|Any CPU
	EndGlobalSection
	GlobalSection(ProjectConfigurationPlatforms) = postSolution
		{E5742F01-E033-405F-8E6F-528A9162D21C}.Debug|Any CPU.ActiveCfg = Debug|Any CPU
		{E5742F01-E033-405F-8E6F-528A9162D21C}.Debug|Any CPU.Build.0 = Debug|Any CPU
		{E5742F01-E033-405F-8E6F-528A9162D21C}.Release|Any CPU.ActiveCfg = Release|Any CPU
		{E5742F01-E033-405F-8E6F-528A9162D21C}.Release|Any CPU.Build.0 = Release|Any CPU
	EndGlobalSection
	GlobalSection(SolutionProperties) = preSolution
		HideSolutionNode = FALSE
	EndGlobalSection
	GlobalSection(ExtensibilityGlobals) = postSolution
		SolutionGuid = {A9B80735-98BA-44DA-9842-0349D40D50CE}
	EndGlobalSection
EndGlobal
